# This file was autogenerated by Stack.
# You should not edit this file by hand.
# For more information, please see the documentation at:
#   https://docs.haskellstack.org/en/stable/lock_files

packages:
- completed:
    hackage: sdl2-2.5.2.0@sha256:917ddb3c8421e8e6f9caaa4b143d485e797c9053de9fabee4ac87c873cffeb01,11303
    pantry-tree:
      size: 6571
      sha256: 751a3d9763f74d6b5e7c956bd8a25e20f7443bce69d0c7dda0421d89616e3b2a
  original:
    hackage: sdl2-2.5.2.0
- completed:
    hackage: Yampa-0.13.1@sha256:4612a2646c27bcd3ac55c90dbc34249303e28aa5b3bc3e0c6fa9ce58b889843c,5436
    pantry-tree:
      size: 4039
      sha256: 2ebdfafc0143a66132e1f790fc3909c93654ee89fbe468574c5c2a36070dc6b3
  original:
    hackage: Yampa-0.13.1
- completed:
    hackage: lens-4.19.2@sha256:d6264016fb6e8232e3b8c77ce98e6b123691723ebb84165941facf090bc58f5b,15493
    pantry-tree:
      size: 8330
      sha256: 84518578f0899196983f10793d327cc153abd69b9ee029858cde7cdfc516a11e
  original:
    hackage: lens-4.19.2
snapshots:
- completed:
    size: 491373
    url: https://raw.githubusercontent.com/commercialhaskell/stackage-snapshots/master/lts/15/3.yaml
    sha256: 29e9ff61b8bf4b4fcff55cde3ac106ebb971f0d21331dccac9eee63374fa6ca8
  original: lts-15.3
